{
  "nodes": {
    "beads-src": {
      "flake": false,
      "locked": {
        "lastModified": 1777328094,
        "narHash": "sha256-aTMgTM5W2QBYzuwu+WkEZTOu6hAuMib179fMq4Xf3CQ=",
        "owner": "gastownhall",
        "repo": "beads",
        "rev": "f4c46d917c27397d438242f49a2025b9205431a4",
        "type": "github"
      },
      "original": {
        "owner": "gastownhall",
        "repo": "beads",
        "type": "github"
      }
    },
    "gastown-src": {
      "flake": false,
      "locked": {
        "lastModified": 1777366244,
        "narHash": "sha256-0bmixwMH/gJsOlXW+fqxCVAvQQmyjR0vLsLRDMK6uUw=",
        "owner": "gastownhall",
        "repo": "gastown",
        "rev": "3075b632286690065b2a5f4227135d9c7ced0cb1",
        "type": "github"
      },
      "original": {
        "owner": "gastownhall",
        "repo": "gastown",
        "type": "github"
      }
    },
    "nixpkgs": {
      "locked": {
        "lastModified": 1776877367,
        "narHash": "sha256-EHq1/OX139R1RvBzOJ0aMRT3xnWyqtHBRUBuO1gFzjI=",
        "owner": "NixOS",
        "repo": "nixpkgs",
        "rev": "0726a0ecb6d4e08f6adced58726b95db924cef57",
        "type": "github"
      },
      "original": {
        "owner": "NixOS",
        "ref": "nixos-unstable",
        "repo": "nixpkgs",
        "type": "github"
      }
    },
    "root": {
      "inputs": {
        "beads-src": "beads-src",
        "gastown-src": "gastown-src",
        "nixpkgs": "nixpkgs"
      }
    }
  },
  "root": "root",
  "version": 7
}
